
Microsoft Visual Studio Solution File, Format Version 12.00
# Visual Studio 2013
VisualStudioVersion = 12.0.40629.0
MinimumVisualStudioVersion = 10.0.40219.1
Project("{FAE04EC0-301F-11D3-BF4B-00C04F79EFBC}") = "AeronetChartSample", "AeronetChartSample.csproj", "{5B6F44CE-97E0-40B2-BBA8-7CB4F4879DD2}"
EndProject
Project("{FAE04EC0-301F-11D3-BF4B-00C04F79EFBC}") = "ChartTest", "..\ChartTest\ChartTest\ChartTest.csproj", "{15760D7C-A6A8-40CB-AA3F-E8608F59C985}"
EndProject
Global
	GlobalSection(SubversionScc) = preSolution
		Svn-Managed = True
		Manager = AnkhSVN - Subversion Support for Visual Studio
	EndGlobalSection
	GlobalSection(SolutionConfigurationPlatforms) = preSolution
		Debug|Any CPU = Debug|Any CPU
		Release|Any CPU = Release|Any CPU
	EndGlobalSection
	GlobalSection(ProjectConfigurationPlatforms) = postSolution
		{5B6F44CE-97E0-40B2-BBA8-7CB4F4879DD2}.Debug|Any CPU.ActiveCfg = Debug|Any CPU
		{5B6F44CE-97E0-40B2-BBA8-7CB4F4879DD2}.Debug|Any CPU.Build.0 = Debug|Any CPU
		{5B6F44CE-97E0-40B2-BBA8-7CB4F4879DD2}.Release|Any CPU.ActiveCfg = Release|Any CPU
		{5B6F44CE-97E0-40B2-BBA8-7CB4F4879DD2}.Release|Any CPU.Build.0 = Release|Any CPU
		{15760D7C-A6A8-40CB-AA3F-E8608F59C985}.Debug|Any CPU.ActiveCfg = Debug|Any CPU
		{15760D7C-A6A8-40CB-AA3F-E8608F59C985}.Debug|Any CPU.Build.0 = Debug|Any CPU
		{15760D7C-A6A8-40CB-AA3F-E8608F59C985}.Release|Any CPU.ActiveCfg = Release|Any CPU
		{15760D7C-A6A8-40CB-AA3F-E8608F59C985}.Release|Any CPU.Build.0 = Release|Any CPU
	EndGlobalSection
	GlobalSection(SolutionProperties) = preSolution
		HideSolutionNode = FALSE
	EndGlobalSection
EndGlobal
